
Microsoft Visual Studio Solution File, Format Version 12.00
# Visual Studio 15
VisualStudioVersion = 15.0.27130.2036
MinimumVisualStudioVersion = 10.0.40219.1
Project("{2150E333-8FDC-42A3-9474-1A3956D46DE8}") = "Db", "Db", "{7DB8D297-8A56-4815-AB6E-475BA4E37B4D}"
EndProject
Project("{2150E333-8FDC-42A3-9474-1A3956D46DE8}") = "BLL", "BLL", "{ADB83A25-E62D-4EDE-97FA-016D980D5E8E}"
EndProject
Project("{2150E333-8FDC-42A3-9474-1A3956D46DE8}") = "UI", "UI", "{1EB43A54-9086-4F4A-88D6-C70FA17653B8}"
EndProject
Project("{FAE04EC0-301F-11D3-BF4B-00C04F79EFBC}") = "MyCafe.DB.Enities", "src\MyCafe.DB.Enities\MyCafe.DB.Enities.csproj", "{3B0E481E-AA6E-43B2-8AC6-2276471ED000}"
EndProject
Project("{FAE04EC0-301F-11D3-BF4B-00C04F79EFBC}") = "MyCafe.Db.Context", "src\MyCafe.Db.Context\MyCafe.Db.Context.csproj", "{A7522510-5476-44A1-8D60-D85932F94AC4}"
EndProject
Project("{FAE04EC0-301F-11D3-BF4B-00C04F79EFBC}") = "MyCafe.Web", "src\MyCafe.Web\MyCafe.Web.csproj", "{E5E01426-FDBA-4F25-A35F-C618AE2C8F81}"
EndProject
Project("{FAE04EC0-301F-11D3-BF4B-00C04F79EFBC}") = "MyCafe.Db.Repository.Interfaces", "src\MyCafe.Db.Repository.Interfaces\MyCafe.Db.Repository.Interfaces.csproj", "{D228D18B-0734-4145-9692-EE30AAB7E185}"
EndProject
Project("{FAE04EC0-301F-11D3-BF4B-00C04F79EFBC}") = "MyCafe.Db.Repository", "src\MyCafe.Db.Repository\MyCafe.Db.Repository.csproj", "{7245452B-27B5-4B5C-84E5-341444D71BED}"
EndProject
Project("{FAE04EC0-301F-11D3-BF4B-00C04F79EFBC}") = "MyCafe.Db.DI", "src\MyCafe.Db.DI\MyCafe.Db.DI.csproj", "{4816A1D3-9C15-4DE0-8141-48E06F79CE75}"
EndProject
Project("{FAE04EC0-301F-11D3-BF4B-00C04F79EFBC}") = "MyCafe.BLL.DI", "src\MyCafe.BLL.DI\MyCafe.BLL.DI.csproj", "{AFA442FE-16BA-4A7E-83AD-BEC6D86E663E}"
EndProject
Project("{FAE04EC0-301F-11D3-BF4B-00C04F79EFBC}") = "MyCafe.BLL.DTO", "src\MyCafe.BLL.DTO\MyCafe.BLL.DTO.csproj", "{3F84FADC-7400-4A4F-8BF3-D98700F2832E}"
EndProject
Project("{FAE04EC0-301F-11D3-BF4B-00C04F79EFBC}") = "MyCafe.BLL.Services.Interfaces", "src\MyCafe.BLL.Services.Interfaces\MyCafe.BLL.Services.Interfaces.csproj", "{675F5131-BFB4-49E7-A07A-1AEEFD638D1D}"
EndProject
Project("{FAE04EC0-301F-11D3-BF4B-00C04F79EFBC}") = "MyCafe.BLL.Services", "src\MyCafe.BLL.Services\MyCafe.BLL.Services.csproj", "{1DA3BC87-8BF6-4919-A2E0-D2F28CFBFADE}"
EndProject
Global
	GlobalSection(SolutionConfigurationPlatforms) = preSolution
		Debug|Any CPU = Debug|Any CPU
		Release|Any CPU = Release|Any CPU
	EndGlobalSection
	GlobalSection(ProjectConfigurationPlatforms) = postSolution
		{3B0E481E-AA6E-43B2-8AC6-2276471ED000}.Debug|Any CPU.ActiveCfg = Debug|Any CPU
		{3B0E481E-AA6E-43B2-8AC6-2276471ED000}.Debug|Any CPU.Build.0 = Debug|Any CPU
		{3B0E481E-AA6E-43B2-8AC6-2276471ED000}.Release|Any CPU.ActiveCfg = Release|Any CPU
		{3B0E481E-AA6E-43B2-8AC6-2276471ED000}.Release|Any CPU.Build.0 = Release|Any CPU
		{A7522510-5476-44A1-8D60-D85932F94AC4}.Debug|Any CPU.ActiveCfg = Debug|Any CPU
		{A7522510-5476-44A1-8D60-D85932F94AC4}.Debug|Any CPU.Build.0 = Debug|Any CPU
		{A7522510-5476-44A1-8D60-D85932F94AC4}.Release|Any CPU.ActiveCfg = Release|Any CPU
		{A7522510-5476-44A1-8D60-D85932F94AC4}.Release|Any CPU.Build.0 = Release|Any CPU
		{E5E01426-FDBA-4F25-A35F-C618AE2C8F81}.Debug|Any CPU.ActiveCfg = Debug|Any CPU
		{E5E01426-FDBA-4F25-A35F-C618AE2C8F81}.Debug|Any CPU.Build.0 = Debug|Any CPU
		{E5E01426-FDBA-4F25-A35F-C618AE2C8F81}.Release|Any CPU.ActiveCfg = Release|Any CPU
		{E5E01426-FDBA-4F25-A35F-C618AE2C8F81}.Release|Any CPU.Build.0 = Release|Any CPU
		{D228D18B-0734-4145-9692-EE30AAB7E185}.Debug|Any CPU.ActiveCfg = Debug|Any CPU
		{D228D18B-0734-4145-9692-EE30AAB7E185}.Debug|Any CPU.Build.0 = Debug|Any CPU
		{D228D18B-0734-4145-9692-EE30AAB7E185}.Release|Any CPU.ActiveCfg = Release|Any CPU
		{D228D18B-0734-4145-9692-EE30AAB7E185}.Release|Any CPU.Build.0 = Release|Any CPU
		{7245452B-27B5-4B5C-84E5-341444D71BED}.Debug|Any CPU.ActiveCfg = Debug|Any CPU
		{7245452B-27B5-4B5C-84E5-341444D71BED}.Debug|Any CPU.Build.0 = Debug|Any CPU
		{7245452B-27B5-4B5C-84E5-341444D71BED}.Release|Any CPU.ActiveCfg = Release|Any CPU
		{7245452B-27B5-4B5C-84E5-341444D71BED}.Release|Any CPU.Build.0 = Release|Any CPU
		{4816A1D3-9C15-4DE0-8141-48E06F79CE75}.Debug|Any CPU.ActiveCfg = Debug|Any CPU
		{4816A1D3-9C15-4DE0-8141-48E06F79CE75}.Debug|Any CPU.Build.0 = Debug|Any CPU
		{4816A1D3-9C15-4DE0-8141-48E06F79CE75}.Release|Any CPU.ActiveCfg = Release|Any CPU
		{4816A1D3-9C15-4DE0-8141-48E06F79CE75}.Release|Any CPU.Build.0 = Release|Any CPU
		{AFA442FE-16BA-4A7E-83AD-BEC6D86E663E}.Debug|Any CPU.ActiveCfg = Debug|Any CPU
		{AFA442FE-16BA-4A7E-83AD-BEC6D86E663E}.Debug|Any CPU.Build.0 = Debug|Any CPU
		{AFA442FE-16BA-4A7E-83AD-BEC6D86E663E}.Release|Any CPU.ActiveCfg = Release|Any CPU
		{AFA442FE-16BA-4A7E-83AD-BEC6D86E663E}.Release|Any CPU.Build.0 = Release|Any CPU
		{3F84FADC-7400-4A4F-8BF3-D98700F2832E}.Debug|Any CPU.ActiveCfg = Debug|Any CPU
		{3F84FADC-7400-4A4F-8BF3-D98700F2832E}.Debug|Any CPU.Build.0 = Debug|Any CPU
		{3F84FADC-7400-4A4F-8BF3-D98700F2832E}.Release|Any CPU.ActiveCfg = Release|Any CPU
		{3F84FADC-7400-4A4F-8BF3-D98700F2832E}.Release|Any CPU.Build.0 = Release|Any CPU
		{675F5131-BFB4-49E7-A07A-1AEEFD638D1D}.Debug|Any CPU.ActiveCfg = Debug|Any CPU
		{675F5131-BFB4-49E7-A07A-1AEEFD638D1D}.Debug|Any CPU.Build.0 = Debug|Any CPU
		{675F5131-BFB4-49E7-A07A-1AEEFD638D1D}.Release|Any CPU.ActiveCfg = Release|Any CPU
		{675F5131-BFB4-49E7-A07A-1AEEFD638D1D}.Release|Any CPU.Build.0 = Release|Any CPU
		{1DA3BC87-8BF6-4919-A2E0-D2F28CFBFADE}.Debug|Any CPU.ActiveCfg = Debug|Any CPU
		{1DA3BC87-8BF6-4919-A2E0-D2F28CFBFADE}.Debug|Any CPU.Build.0 = Debug|Any CPU
		{1DA3BC87-8BF6-4919-A2E0-D2F28CFBFADE}.Release|Any CPU.ActiveCfg = Release|Any CPU
		{1DA3BC87-8BF6-4919-A2E0-D2F28CFBFADE}.Release|Any CPU.Build.0 = Release|Any CPU
	EndGlobalSection
	GlobalSection(SolutionProperties) = preSolution
		HideSolutionNode = FALSE
	EndGlobalSection
	GlobalSection(NestedProjects) = preSolution
		{3B0E481E-AA6E-43B2-8AC6-2276471ED000} = {7DB8D297-8A56-4815-AB6E-475BA4E37B4D}
		{A7522510-5476-44A1-8D60-D85932F94AC4} = {7DB8D297-8A56-4815-AB6E-475BA4E37B4D}
		{E5E01426-FDBA-4F25-A35F-C618AE2C8F81} = {1EB43A54-9086-4F4A-88D6-C70FA17653B8}
		{D228D18B-0734-4145-9692-EE30AAB7E185} = {7DB8D297-8A56-4815-AB6E-475BA4E37B4D}
		{7245452B-27B5-4B5C-84E5-341444D71BED} = {7DB8D297-8A56-4815-AB6E-475BA4E37B4D}
		{4816A1D3-9C15-4DE0-8141-48E06F79CE75} = {7DB8D297-8A56-4815-AB6E-475BA4E37B4D}
		{AFA442FE-16BA-4A7E-83AD-BEC6D86E663E} = {ADB83A25-E62D-4EDE-97FA-016D980D5E8E}
		{3F84FADC-7400-4A4F-8BF3-D98700F2832E} = {ADB83A25-E62D-4EDE-97FA-016D980D5E8E}
		{675F5131-BFB4-49E7-A07A-1AEEFD638D1D} = {ADB83A25-E62D-4EDE-97FA-016D980D5E8E}
		{1DA3BC87-8BF6-4919-A2E0-D2F28CFBFADE} = {ADB83A25-E62D-4EDE-97FA-016D980D5E8E}
	EndGlobalSection
	GlobalSection(ExtensibilityGlobals) = postSolution
		SolutionGuid = {C5B8D66D-F73F-4786-93E7-A4356B52685E}
	EndGlobalSection
EndGlobal
